
Microsoft Visual Studio Solution File, Format Version 12.00
# Visual Studio 15
VisualStudioVersion = 15.0.26124.0
MinimumVisualStudioVersion = 15.0.26124.0
Project("{2150E333-8FDC-42A3-9474-1A3956D46DE8}") = "src", "src", "{10C0EDEC-EFE5-41ED-ADA8-C533E31FE7C0}"
EndProject
Project("{FAE04EC0-301F-11D3-BF4B-00C04F79EFBC}") = "BookShelf", "src\BookShelf\BookShelf.csproj", "{6774BACE-EFB1-47A4-99C9-6F8542955624}"
EndProject
Project("{2150E333-8FDC-42A3-9474-1A3956D46DE8}") = "test", "test", "{DAFEC395-9FB9-4CD8-98DD-010CB998DA24}"
EndProject
Project("{FAE04EC0-301F-11D3-BF4B-00C04F79EFBC}") = "BookShelf.Tests", "test\BookShelf.Tests\BookShelf.Tests.csproj", "{07BDCDCB-B85B-4451-BDA0-0E0CD040E524}"
EndProject
Global
	GlobalSection(SolutionConfigurationPlatforms) = preSolution
		Debug|Any CPU = Debug|Any CPU
		Debug|x64 = Debug|x64
		Debug|x86 = Debug|x86
		Release|Any CPU = Release|Any CPU
		Release|x64 = Release|x64
		Release|x86 = Release|x86
	EndGlobalSection
	GlobalSection(SolutionProperties) = preSolution
		HideSolutionNode = FALSE
	EndGlobalSection
	GlobalSection(ProjectConfigurationPlatforms) = postSolution
		{6774BACE-EFB1-47A4-99C9-6F8542955624}.Debug|Any CPU.ActiveCfg = Debug|Any CPU
		{6774BACE-EFB1-47A4-99C9-6F8542955624}.Debug|Any CPU.Build.0 = Debug|Any CPU
		{6774BACE-EFB1-47A4-99C9-6F8542955624}.Debug|x64.ActiveCfg = Debug|Any CPU
		{6774BACE-EFB1-47A4-99C9-6F8542955624}.Debug|x64.Build.0 = Debug|Any CPU
		{6774BACE-EFB1-47A4-99C9-6F8542955624}.Debug|x86.ActiveCfg = Debug|Any CPU
		{6774BACE-EFB1-47A4-99C9-6F8542955624}.Debug|x86.Build.0 = Debug|Any CPU
		{6774BACE-EFB1-47A4-99C9-6F8542955624}.Release|Any CPU.ActiveCfg = Release|Any CPU
		{6774BACE-EFB1-47A4-99C9-6F8542955624}.Release|Any CPU.Build.0 = Release|Any CPU
		{6774BACE-EFB1-47A4-99C9-6F8542955624}.Release|x64.ActiveCfg = Release|Any CPU
		{6774BACE-EFB1-47A4-99C9-6F8542955624}.Release|x64.Build.0 = Release|Any CPU
		{6774BACE-EFB1-47A4-99C9-6F8542955624}.Release|x86.ActiveCfg = Release|Any CPU
		{6774BACE-EFB1-47A4-99C9-6F8542955624}.Release|x86.Build.0 = Release|Any CPU
		{07BDCDCB-B85B-4451-BDA0-0E0CD040E524}.Debug|Any CPU.ActiveCfg = Debug|Any CPU
		{07BDCDCB-B85B-4451-BDA0-0E0CD040E524}.Debug|Any CPU.Build.0 = Debug|Any CPU
		{07BDCDCB-B85B-4451-BDA0-0E0CD040E524}.Debug|x64.ActiveCfg = Debug|Any CPU
		{07BDCDCB-B85B-4451-BDA0-0E0CD040E524}.Debug|x64.Build.0 = Debug|Any CPU
		{07BDCDCB-B85B-4451-BDA0-0E0CD040E524}.Debug|x86.ActiveCfg = Debug|Any CPU
		{07BDCDCB-B85B-4451-BDA0-0E0CD040E524}.Debug|x86.Build.0 = Debug|Any CPU
		{07BDCDCB-B85B-4451-BDA0-0E0CD040E524}.Release|Any CPU.ActiveCfg = Release|Any CPU
		{07BDCDCB-B85B-4451-BDA0-0E0CD040E524}.Release|Any CPU.Build.0 = Release|Any CPU
		{07BDCDCB-B85B-4451-BDA0-0E0CD040E524}.Release|x64.ActiveCfg = Release|Any CPU
		{07BDCDCB-B85B-4451-BDA0-0E0CD040E524}.Release|x64.Build.0 = Release|Any CPU
		{07BDCDCB-B85B-4451-BDA0-0E0CD040E524}.Release|x86.ActiveCfg = Release|Any CPU
		{07BDCDCB-B85B-4451-BDA0-0E0CD040E524}.Release|x86.Build.0 = Release|Any CPU
	EndGlobalSection
	GlobalSection(NestedProjects) = preSolution
		{6774BACE-EFB1-47A4-99C9-6F8542955624} = {10C0EDEC-EFE5-41ED-ADA8-C533E31FE7C0}
		{07BDCDCB-B85B-4451-BDA0-0E0CD040E524} = {DAFEC395-9FB9-4CD8-98DD-010CB998DA24}
	EndGlobalSection
EndGlobal
